// !$*UTF8*$!
{
	archiveVersion = 1;
	classes = {
	};
	objectVersion = 46;
	objects = {

/* Begin PBXBuildFile section */
		6F2775951830456A00D8712B /* Foundation.framework in Frameworks */ = {isa = PBXBuildFile; fileRef = 6F2775941830456A00D8712B /* Foundation.framework */; };
		6F2775971830456A00D8712B /* CoreGraphics.framework in Frameworks */ = {isa = PBXBuildFile; fileRef = 6F2775961830456A00D8712B /* CoreGraphics.framework */; };
		6F2775991830456A00D8712B /* UIKit.framework in Frameworks */ = {isa = PBXBuildFile; fileRef = 6F2775981830456A00D8712B /* UIKit.framework */; };
		6F27759F1830456A00D8712B /* InfoPlist.strings in Resources */ = {isa = PBXBuildFile; fileRef = 6F27759D1830456A00D8712B /* InfoPlist.strings */; };
		6F2775A11830456A00D8712B /* main.m in Sources */ = {isa = PBXBuildFile; fileRef = 6F2775A01830456A00D8712B /* main.m */; };
		6F2775A51830456A00D8712B /* DDDAppDelegate.m in Sources */ = {isa = PBXBuildFile; fileRef = 6F2775A41830456A00D8712B /* DDDAppDelegate.m */; };
		6F2775A81830456A00D8712B /* Main.storyboard in Resources */ = {isa = PBXBuildFile; fileRef = 6F2775A61830456A00D8712B /* Main.storyboard */; };
		6F2775AB1830456A00D8712B /* DDDViewController.m in Sources */ = {isa = PBXBuildFile; fileRef = 6F2775AA1830456A00D8712B /* DDDViewController.m */; };
		6F2775AD1830456A00D8712B /* Images.xcassets in Resources */ = {isa = PBXBuildFile; fileRef = 6F2775AC1830456A00D8712B /* Images.xcassets */; };
		6F2775B41830456A00D8712B /* XCTest.framework in Frameworks */ = {isa = PBXBuildFile; fileRef = 6F2775B31830456A00D8712B /* XCTest.framework */; };
		6F2775B51830456A00D8712B /* Foundation.framework in Frameworks */ = {isa = PBXBuildFile; fileRef = 6F2775941830456A00D8712B /* Foundation.framework */; };
		6F2775B61830456A00D8712B /* UIKit.framework in Frameworks */ = {isa = PBXBuildFile; fileRef = 6F2775981830456A00D8712B /* UIKit.framework */; };
		6F2775BE1830456A00D8712B /* InfoPlist.strings in Resources */ = {isa = PBXBuildFile; fileRef = 6F2775BC1830456A00D8712B /* InfoPlist.strings */; };
		6F2775C01830456A00D8712B /* NSUserDefaults__Segues_and_Protocols_ChallengeTests.m in Sources */ = {isa = PBXBuildFile; fileRef = 6F2775BF1830456A00D8712B /* NSUserDefaults__Segues_and_Protocols_ChallengeTests.m */; };
		6F2775CB183045A600D8712B /* DDDSignInViewController.m in Sources */ = {isa = PBXBuildFile; fileRef = 6F2775CA183045A600D8712B /* DDDSignInViewController.m */; };
		6F2775CE183045B900D8712B /* DDDCreateAccountViewController.m in Sources */ = {isa = PBXBuildFile; fileRef = 6F2775CD183045B900D8712B /* DDDCreateAccountViewController.m */; };
/* End PBXBuildFile section */

/* Begin PBXContainerItemProxy section */
		6F2775B71830456A00D8712B /* PBXContainerItemProxy */ = {
			isa = PBXContainerItemProxy;
			containerPortal = 6F2775891830456A00D8712B /* Project object */;
			proxyType = 1;
			remoteGlobalIDString = 6F2775901830456A00D8712B;
			remoteInfo = "NSUserDefaults, Segues and Protocols Challenge";
		};
/* End PBXContainerItemProxy section */

/* Begin PBXFileReference section */
		6F2775911830456A00D8712B /* NSUserDefaults, Segues and Protocols Challenge.app */ = {isa = PBXFileReference; explicitFileType = wrapper.application; includeInIndex = 0; path = "NSUserDefaults, Segues and Protocols Challenge.app"; sourceTree = BUILT_PRODUCTS_DIR; };
		6F2775941830456A00D8712B /* Foundation.framework */ = {isa = PBXFileReference; lastKnownFileType = wrapper.framework; name = Foundation.framework; path = System/Library/Frameworks/Foundation.framework; sourceTree = SDKROOT; };
		6F2775961830456A00D8712B /* CoreGraphics.framework */ = {isa = PBXFileReference; lastKnownFileType = wrapper.framework; name = CoreGraphics.framework; path = System/Library/Frameworks/CoreGraphics.framework; sourceTree = SDKROOT; };
		6F2775981830456A00D8712B /* UIKit.framework */ = {isa = PBXFileReference; lastKnownFileType = wrapper.framework; name = UIKit.framework; path = System/Library/Frameworks/UIKit.framework; sourceTree = SDKROOT; };
		6F27759C1830456A00D8712B /* NSUserDefaults, Segues and Protocols Challenge-Info.plist */ = {isa = PBXFileReference; lastKnownFileType = text.plist.xml; path = "NSUserDefaults, Segues and Protocols Challenge-Info.plist"; sourceTree = "<group>"; };
		6F27759E1830456A00D8712B /* en */ = {isa = PBXFileReference; lastKnownFileType = text.plist.strings; name = en; path = en.lproj/InfoPlist.strings; sourceTree = "<group>"; };
		6F2775A01830456A00D8712B /* main.m */ = {isa = PBXFileReference; lastKnownFileType = sourcecode.c.objc; path = main.m; sourceTree = "<group>"; };
		6F2775A21830456A00D8712B /* NSUserDefaults, Segues and Protocols Challenge-Prefix.pch */ = {isa = PBXFileReference; lastKnownFileType = sourcecode.c.h; path = "NSUserDefaults, Segues and Protocols Challenge-Prefix.pch"; sourceTree = "<group>"; };
		6F2775A31830456A00D8712B /* DDDAppDelegate.h */ = {isa = PBXFileReference; lastKnownFileType = sourcecode.c.h; path = DDDAppDelegate.h; sourceTree = "<group>"; };
		6F2775A41830456A00D8712B /* DDDAppDelegate.m */ = {isa = PBXFileReference; lastKnownFileType = sourcecode.c.objc; path = DDDAppDelegate.m; sourceTree = "<group>"; };
		6F2775A71830456A00D8712B /* Base */ = {isa = PBXFileReference; lastKnownFileType = file.storyboard; name = Base; path = Base.lproj/Main.storyboard; sourceTree = "<group>"; };
		6F2775A91830456A00D8712B /* DDDViewController.h */ = {isa = PBXFileReference; lastKnownFileType = sourcecode.c.h; path = DDDViewController.h; sourceTree = "<group>"; };
		6F2775AA1830456A00D8712B /* DDDViewController.m */ = {isa = PBXFileReference; lastKnownFileType = sourcecode.c.objc; path = DDDViewController.m; sourceTree = "<group>"; };
		6F2775AC1830456A00D8712B /* Images.xcassets */ = {isa = PBXFileReference; lastKnownFileType = folder.assetcatalog; path = Images.xcassets; sourceTree = "<group>"; };
		6F2775B21830456A00D8712B /* NSUserDefaults, Segues and Protocols ChallengeTests.xctest */ = {isa = PBXFileReference; explicitFileType = wrapper.cfbundle; includeInIndex = 0; path = "NSUserDefaults, Segues and Protocols ChallengeTests.xctest"; sourceTree = BUILT_PRODUCTS_DIR; };
		6F2775B31830456A00D8712B /* XCTest.framework */ = {isa = PBXFileReference; lastKnownFileType = wrapper.framework; name = XCTest.framework; path = Library/Frameworks/XCTest.framework; sourceTree = DEVELOPER_DIR; };
		6F2775BB1830456A00D8712B /* NSUserDefaults, Segues and Protocols ChallengeTests-Info.plist */ = {isa = PBXFileReference; lastKnownFileType = text.plist.xml; path = "NSUserDefaults, Segues and Protocols ChallengeTests-Info.plist"; sourceTree = "<group>"; };
		6F2775BD1830456A00D8712B /* en */ = {isa = PBXFileReference; lastKnownFileType = text.plist.strings; name = en; path = en.lproj/InfoPlist.strings; sourceTree = "<group>"; };
		6F2775BF1830456A00D8712B /* NSUserDefaults__Segues_and_Protocols_ChallengeTests.m */ = {isa = PBXFileReference; lastKnownFileType = sourcecode.c.objc; path = NSUserDefaults__Segues_and_Protocols_ChallengeTests.m; sourceTree = "<group>"; };
		6F2775C9183045A600D8712B /* DDDSignInViewController.h */ = {isa = PBXFileReference; fileEncoding = 4; lastKnownFileType = sourcecode.c.h; path = DDDSignInViewController.h; sourceTree = "<group>"; };
		6F2775CA183045A600D8712B /* DDDSignInViewController.m */ = {isa = PBXFileReference; fileEncoding = 4; lastKnownFileType = sourcecode.c.objc; path = DDDSignInViewController.m; sourceTree = "<group>"; };
		6F2775CC183045B900D8712B /* DDDCreateAccountViewController.h */ = {isa = PBXFileReference; fileEncoding = 4; lastKnownFileType = sourcecode.c.h; path = DDDCreateAccountViewController.h; sourceTree = "<group>"; };
		6F2775CD183045B900D8712B /* DDDCreateAccountViewController.m */ = {isa = PBXFileReference; fileEncoding = 4; lastKnownFileType = sourcecode.c.objc; path = DDDCreateAccountViewController.m; sourceTree = "<group>"; };
/* End PBXFileReference section */

/* Begin PBXFrameworksBuildPhase section */
		6F27758E1830456A00D8712B /* Frameworks */ = {
			isa = PBXFrameworksBuildPhase;
			buildActionMask = 2147483647;
			files = (
				6F2775971830456A00D8712B /* CoreGraphics.framework in Frameworks */,
				6F2775991830456A00D8712B /* UIKit.framework in Frameworks */,
				6F2775951830456A00D8712B /* Foundation.framework in Frameworks */,
			);
			runOnlyForDeploymentPostprocessing = 0;
		};
		6F2775AF1830456A00D8712B /* Frameworks */ = {
			isa = PBXFrameworksBuildPhase;
			buildActionMask = 2147483647;
			files = (
				6F2775B41830456A00D8712B /* XCTest.framework in Frameworks */,
				6F2775B61830456A00D8712B /* UIKit.framework in Frameworks */,
				6F2775B51830456A00D8712B /* Foundation.framework in Frameworks */,
			);
			runOnlyForDeploymentPostprocessing = 0;
		};
/* End PBXFrameworksBuildPhase section */

/* Begin PBXGroup section */
		6F2775881830456A00D8712B = {
			isa = PBXGroup;
			children = (
				6F27759A1830456A00D8712B /* NSUserDefaults, Segues and Protocols Challenge */,
				6F2775B91830456A00D8712B /* NSUserDefaults, Segues and Protocols ChallengeTests */,
				6F2775931830456A00D8712B /* Frameworks */,
				6F2775921830456A00D8712B /* Products */,
			);
			sourceTree = "<group>";
		};
		6F2775921830456A00D8712B /* Products */ = {
			isa = PBXGroup;
			children = (
				6F2775911830456A00D8712B /* NSUserDefaults, Segues and Protocols Challenge.app */,
				6F2775B21830456A00D8712B /* NSUserDefaults, Segues and Protocols ChallengeTests.xctest */,
			);
			name = Products;
			sourceTree = "<group>";
		};
		6F2775931830456A00D8712B /* Frameworks */ = {
			isa = PBXGroup;
			children = (
				6F2775941830456A00D8712B /* Foundation.framework */,
				6F2775961830456A00D8712B /* CoreGraphics.framework */,
				6F2775981830456A00D8712B /* UIKit.framework */,
				6F2775B31830456A00D8712B /* XCTest.framework */,
			);
			name = Frameworks;
			sourceTree = "<group>";
		};
		6F27759A1830456A00D8712B /* NSUserDefaults, Segues and Protocols Challenge */ = {
			isa = PBXGroup;
			children = (
				6F2775A31830456A00D8712B /* DDDAppDelegate.h */,
				6F2775A41830456A00D8712B /* DDDAppDelegate.m */,
				6F2775A61830456A00D8712B /* Main.storyboard */,
				6F2775A91830456A00D8712B /* DDDViewController.h */,
				6F2775AA1830456A00D8712B /* DDDViewController.m */,
				6F2775C9183045A600D8712B /* DDDSignInViewController.h */,
				6F2775CA183045A600D8712B /* DDDSignInViewController.m */,
				6F2775CC183045B900D8712B /* DDDCreateAccountViewController.h */,
				6F2775CD183045B900D8712B /* DDDCreateAccountViewController.m */,
				6F2775AC1830456A00D8712B /* Images.xcassets */,
				6F27759B1830456A00D8712B /* Supporting Files */,
			);
			path = "NSUserDefaults, Segues and Protocols Challenge";
			sourceTree = "<group>";
		};
		6F27759B1830456A00D8712B /* Supporting Files */ = {
			isa = PBXGroup;
			children = (
				6F27759C1830456A00D8712B /* NSUserDefaults, Segues and Protocols Challenge-Info.plist */,
				6F27759D1830456A00D8712B /* InfoPlist.strings */,
				6F2775A01830456A00D8712B /* main.m */,
				6F2775A21830456A00D8712B /* NSUserDefaults, Segues and Protocols Challenge-Prefix.pch */,
			);
			name = "Supporting Files";
			sourceTree = "<group>";
		};
		6F2775B91830456A00D8712B /* NSUserDefaults, Segues and Protocols ChallengeTests */ = {
			isa = PBXGroup;
			children = (
				6F2775BF1830456A00D8712B /* NSUserDefaults__Segues_and_Protocols_ChallengeTests.m */,
				6F2775BA1830456A00D8712B /* Supporting Files */,
			);
			path = "NSUserDefaults, Segues and Protocols ChallengeTests";
			sourceTree = "<group>";
		};
		6F2775BA1830456A00D8712B /* Supporting Files */ = {
			isa = PBXGroup;
			children = (
				6F2775BB1830456A00D8712B /* NSUserDefaults, Segues and Protocols ChallengeTests-Info.plist */,
				6F2775BC1830456A00D8712B /* InfoPlist.strings */,
			);
			name = "Supporting Files";
			sourceTree = "<group>";
		};
/* End PBXGroup section */

/* Begin PBXNativeTarget section */
		6F2775901830456A00D8712B /* NSUserDefaults, Segues and Protocols Challenge */ = {
			isa = PBXNativeTarget;
			buildConfigurationList = 6F2775C31830456A00D8712B /* Build configuration list for PBXNativeTarget "NSUserDefaults, Segues and Protocols Challenge" */;
			buildPhases = (
				6F27758D1830456A00D8712B /* Sources */,
				6F27758E1830456A00D8712B /* Frameworks */,
				6F27758F1830456A00D8712B /* Resources */,
			);
			buildRules = (
			);
			dependencies = (
			);
			name = "NSUserDefaults, Segues and Protocols Challenge";
			productName = "NSUserDefaults, Segues and Protocols Challenge";
			productReference = 6F2775911830456A00D8712B /* NSUserDefaults, Segues and Protocols Challenge.app */;
			productType = "com.apple.product-type.application";
		};
		6F2775B11830456A00D8712B /* NSUserDefaults, Segues and Protocols ChallengeTests */ = {
			isa = PBXNativeTarget;
			buildConfigurationList = 6F2775C61830456A00D8712B /* Build configuration list for PBXNativeTarget "NSUserDefaults, Segues and Protocols ChallengeTests" */;
			buildPhases = (
				6F2775AE1830456A00D8712B /* Sources */,
				6F2775AF1830456A00D8712B /* Frameworks */,
				6F2775B01830456A00D8712B /* Resources */,
			);
			buildRules = (
			);
			dependencies = (
				6F2775B81830456A00D8712B /* PBXTargetDependency */,
			);
			name = "NSUserDefaults, Segues and Protocols ChallengeTests";
			productName = "NSUserDefaults, Segues and Protocols ChallengeTests";
			productReference = 6F2775B21830456A00D8712B /* NSUserDefaults, Segues and Protocols ChallengeTests.xctest */;
			productType = "com.apple.product-type.bundle.unit-test";
		};
/* End PBXNativeTarget section */

/* Begin PBXProject section */
		6F2775891830456A00D8712B /* Project object */ = {
			isa = PBXProject;
			attributes = {
				CLASSPREFIX = DDD;
				LastUpgradeCheck = 0500;
				ORGANIZATIONNAME = DDD;
				TargetAttributes = {
					6F2775B11830456A00D8712B = {
						TestTargetID = 6F2775901830456A00D8712B;
					};
				};
			};
			buildConfigurationList = 6F27758C1830456A00D8712B /* Build configuration list for PBXProject "NSUserDefaults, Segues and Protocols Challenge" */;
			compatibilityVersion = "Xcode 3.2";
			developmentRegion = English;
			hasScannedForEncodings = 0;
			knownRegions = (
				en,
				Base,
			);
			mainGroup = 6F2775881830456A00D8712B;
			productRefGroup = 6F2775921830456A00D8712B /* Products */;
			projectDirPath = "";
			projectRoot = "";
			targets = (
				6F2775901830456A00D8712B /* NSUserDefaults, Segues and Protocols Challenge */,
				6F2775B11830456A00D8712B /* NSUserDefaults, Segues and Protocols ChallengeTests */,
			);
		};
/* End PBXProject section */

/* Begin PBXResourcesBuildPhase section */
		6F27758F1830456A00D8712B /* Resources */ = {
			isa = PBXResourcesBuildPhase;
			buildActionMask = 2147483647;
			files = (
				6F2775AD1830456A00D8712B /* Images.xcassets in Resources */,
				6F27759F1830456A00D8712B /* InfoPlist.strings in Resources */,
				6F2775A81830456A00D8712B /* Main.storyboard in Resources */,
			);
			runOnlyForDeploymentPostprocessing = 0;
		};
		6F2775B01830456A00D8712B /* Resources */ = {
			isa = PBXResourcesBuildPhase;
			buildActionMask = 2147483647;
			files = (
				6F2775BE1830456A00D8712B /* InfoPlist.strings in Resources */,
			);
			runOnlyForDeploymentPostprocessing = 0;
		};
/* End PBXResourcesBuildPhase section */

/* Begin PBXSourcesBuildPhase section */
		6F27758D1830456A00D8712B /* Sources */ = {
			isa = PBXSourcesBuildPhase;
			buildActionMask = 2147483647;
			files = (
				6F2775A11830456A00D8712B /* main.m in Sources */,
				6F2775AB1830456A00D8712B /* DDDViewController.m in Sources */,
				6F2775A51830456A00D8712B /* DDDAppDelegate.m in Sources */,
				6F2775CE183045B900D8712B /* DDDCreateAccountViewController.m in Sources */,
				6F2775CB183045A600D8712B /* DDDSignInViewController.m in Sources */,
			);
			runOnlyForDeploymentPostprocessing = 0;
		};
		6F2775AE1830456A00D8712B /* Sources */ = {
			isa = PBXSourcesBuildPhase;
			buildActionMask = 2147483647;
			files = (
				6F2775C01830456A00D8712B /* NSUserDefaults__Segues_and_Protocols_ChallengeTests.m in Sources */,
			);
			runOnlyForDeploymentPostprocessing = 0;
		};
/* End PBXSourcesBuildPhase section */

/* Begin PBXTargetDependency section */
		6F2775B81830456A00D8712B /* PBXTargetDependency */ = {
			isa = PBXTargetDependency;
			target = 6F2775901830456A00D8712B /* NSUserDefaults, Segues and Protocols Challenge */;
			targetProxy = 6F2775B71830456A00D8712B /* PBXContainerItemProxy */;
		};
/* End PBXTargetDependency section */

/* Begin PBXVariantGroup section */
		6F27759D1830456A00D8712B /* InfoPlist.strings */ = {
			isa = PBXVariantGroup;
			children = (
				6F27759E1830456A00D8712B /* en */,
			);
			name = InfoPlist.strings;
			sourceTree = "<group>";
		};
		6F2775A61830456A00D8712B /* Main.storyboard */ = {
			isa = PBXVariantGroup;
			children = (
				6F2775A71830456A00D8712B /* Base */,
			);
			name = Main.storyboard;
			sourceTree = "<group>";
		};
		6F2775BC1830456A00D8712B /* InfoPlist.strings */ = {
			isa = PBXVariantGroup;
			children = (
				6F2775BD1830456A00D8712B /* en */,
			);
			name = InfoPlist.strings;
			sourceTree = "<group>";
		};
/* End PBXVariantGroup section */

/* Begin XCBuildConfiguration section */
		6F2775C11830456A00D8712B /* Debug */ = {
			isa = XCBuildConfiguration;
			buildSettings = {
				ALWAYS_SEARCH_USER_PATHS = NO;
				ARCHS = "$(ARCHS_STANDARD_INCLUDING_64_BIT)";
				CLANG_CXX_LANGUAGE_STANDARD = "gnu++0x";
				CLANG_CXX_LIBRARY = "libc++";
				CLANG_ENABLE_MODULES = YES;
				CLANG_ENABLE_OBJC_ARC = YES;
				CLANG_WARN_BOOL_CONVERSION = YES;
				CLANG_WARN_CONSTANT_CONVERSION = YES;
				CLANG_WARN_DIRECT_OBJC_ISA_USAGE = YES_ERROR;
				CLANG_WARN_EMPTY_BODY = YES;
				CLANG_WARN_ENUM_CONVERSION = YES;
				CLANG_WARN_INT_CONVERSION = YES;
				CLANG_WARN_OBJC_ROOT_CLASS = YES_ERROR;
				CLANG_WARN__DUPLICATE_METHOD_MATCH = YES;
				"CODE_SIGN_IDENTITY[sdk=iphoneos*]" = "iPhone Developer";
				COPY_PHASE_STRIP = NO;
				GCC_C_LANGUAGE_STANDARD = gnu99;
				GCC_DYNAMIC_NO_PIC = NO;
				GCC_OPTIMIZATION_LEVEL = 0;
				GCC_PREPROCESSOR_DEFINITIONS = (
					"DEBUG=1",
					"$(inherited)",
				);
				GCC_SYMBOLS_PRIVATE_EXTERN = NO;
				GCC_WARN_64_TO_32_BIT_CONVERSION = YES;
				GCC_WARN_ABOUT_RETURN_TYPE = YES_ERROR;
				GCC_WARN_UNDECLARED_SELECTOR = YES;
				GCC_WARN_UNINITIALIZED_AUTOS = YES;
				GCC_WARN_UNUSED_FUNCTION = YES;
				GCC_WARN_UNUSED_VARIABLE = YES;
				IPHONEOS_DEPLOYMENT_TARGET = 7.0;
				ONLY_ACTIVE_ARCH = YES;
				SDKROOT = iphoneos;
			};
			name = Debug;
		};
		6F2775C21830456A00D8712B /* Release */ = {
			isa = XCBuildConfiguration;
			buildSettings = {
				ALWAYS_SEARCH_USER_PATHS = NO;
				ARCHS = "$(ARCHS_STANDARD_INCLUDING_64_BIT)";
				CLANG_CXX_LANGUAGE_STANDARD = "gnu++0x";
				CLANG_CXX_LIBRARY = "libc++";
				CLANG_ENABLE_MODULES = YES;
				CLANG_ENABLE_OBJC_ARC = YES;
				CLANG_WARN_BOOL_CONVERSION = YES;
				CLANG_WARN_CONSTANT_CONVERSION = YES;
				CLANG_WARN_DIRECT_OBJC_ISA_USAGE = YES_ERROR;
				CLANG_WARN_EMPTY_BODY = YES;
				CLANG_WARN_ENUM_CONVERSION = YES;
				CLANG_WARN_INT_CONVERSION = YES;
				CLANG_WARN_OBJC_ROOT_CLASS = YES_ERROR;
				CLANG_WARN__DUPLICATE_METHOD_MATCH = YES;
				"CODE_SIGN_IDENTITY[sdk=iphoneos*]" = "iPhone Developer";
				COPY_PHASE_STRIP = YES;
				ENABLE_NS_ASSERTIONS = NO;
				GCC_C_LANGUAGE_STANDARD = gnu99;
				GCC_WARN_64_TO_32_BIT_CONVERSION = YES;
				GCC_WARN_ABOUT_RETURN_TYPE = YES_ERROR;
				GCC_WARN_UNDECLARED_SELECTOR = YES;
				GCC_WARN_UNINITIALIZED_AUTOS = YES;
				GCC_WARN_UNUSED_FUNCTION = YES;
				GCC_WARN_UNUSED_VARIABLE = YES;
				IPHONEOS_DEPLOYMENT_TARGET = 7.0;
				SDKROOT = iphoneos;
				VALIDATE_PRODUCT = YES;
			};
			name = Release;
		};
		6F2775C41830456A00D8712B /* Debug */ = {
			isa = XCBuildConfiguration;
			buildSettings = {
				ASSETCATALOG_COMPILER_APPICON_NAME = AppIcon;
				ASSETCATALOG_COMPILER_LAUNCHIMAGE_NAME = LaunchImage;
				GCC_PRECOMPILE_PREFIX_HEADER = YES;
				GCC_PREFIX_HEADER = "NSUserDefaults, Segues and Protocols Challenge/NSUserDefaults, Segues and Protocols Challenge-Prefix.pch";
				INFOPLIST_FILE = "NSUserDefaults, Segues and Protocols Challenge/NSUserDefaults, Segues and Protocols Challenge-Info.plist";
				PRODUCT_NAME = "$(TARGET_NAME)";
				WRAPPER_EXTENSION = app;
			};
			name = Debug;
		};
		6F2775C51830456A00D8712B /* Release */ = {
			isa = XCBuildConfiguration;
			buildSettings = {
				ASSETCATALOG_COMPILER_APPICON_NAME = AppIcon;
				ASSETCATALOG_COMPILER_LAUNCHIMAGE_NAME = LaunchImage;
				GCC_PRECOMPILE_PREFIX_HEADER = YES;
				GCC_PREFIX_HEADER = "NSUserDefaults, Segues and Protocols Challenge/NSUserDefaults, Segues and Protocols Challenge-Prefix.pch";
				INFOPLIST_FILE = "NSUserDefaults, Segues and Protocols Challenge/NSUserDefaults, Segues and Protocols Challenge-Info.plist";
				PRODUCT_NAME = "$(TARGET_NAME)";
				WRAPPER_EXTENSION = app;
			};
			name = Release;
		};
		6F2775C71830456A00D8712B /* Debug */ = {
			isa = XCBuildConfiguration;
			buildSettings = {
				ARCHS = "$(ARCHS_STANDARD_INCLUDING_64_BIT)";
				BUNDLE_LOADER = "$(BUILT_PRODUCTS_DIR)/NSUserDefaults, Segues and Protocols Challenge.app/NSUserDefaults, Segues and Protocols Challenge";
				FRAMEWORK_SEARCH_PATHS = (
					"$(SDKROOT)/Developer/Library/Frameworks",
					"$(inherited)",
					"$(DEVELOPER_FRAMEWORKS_DIR)",
				);
				GCC_PRECOMPILE_PREFIX_HEADER = YES;
				GCC_PREFIX_HEADER = "NSUserDefaults, Segues and Protocols Challenge/NSUserDefaults, Segues and Protocols Challenge-Prefix.pch";
				GCC_PREPROCESSOR_DEFINITIONS = (
					"DEBUG=1",
					"$(inherited)",
				);
				INFOPLIST_FILE = "NSUserDefaults, Segues and Protocols ChallengeTests/NSUserDefaults, Segues and Protocols ChallengeTests-Info.plist";
				PRODUCT_NAME = "$(TARGET_NAME)";
				TEST_HOST = "$(BUNDLE_LOADER)";
				WRAPPER_EXTENSION = xctest;
			};
			name = Debug;
		};
		6F2775C81830456A00D8712B /* Release */ = {
			isa = XCBuildConfiguration;
			buildSettings = {
				ARCHS = "$(ARCHS_STANDARD_INCLUDING_64_BIT)";
				BUNDLE_LOADER = "$(BUILT_PRODUCTS_DIR)/NSUserDefaults, Segues and Protocols Challenge.app/NSUserDefaults, Segues and Protocols Challenge";
				FRAMEWORK_SEARCH_PATHS = (
					"$(SDKROOT)/Developer/Library/Frameworks",
					"$(inherited)",
					"$(DEVELOPER_FRAMEWORKS_DIR)",
				);
				GCC_PRECOMPILE_PREFIX_HEADER = YES;
				GCC_PREFIX_HEADER = "NSUserDefaults, Segues and Protocols Challenge/NSUserDefaults, Segues and Protocols Challenge-Prefix.pch";
				INFOPLIST_FILE = "NSUserDefaults, Segues and Protocols ChallengeTests/NSUserDefaults, Segues and Protocols ChallengeTests-Info.plist";
				PRODUCT_NAME = "$(TARGET_NAME)";
				TEST_HOST = "$(BUNDLE_LOADER)";
				WRAPPER_EXTENSION = xctest;
			};
			name = Release;
		};
/* End XCBuildConfiguration section */

/* Begin XCConfigurationList section */
		6F27758C1830456A00D8712B /* Build configuration list for PBXProject "NSUserDefaults, Segues and Protocols Challenge" */ = {
			isa = XCConfigurationList;
			buildConfigurations = (
				6F2775C11830456A00D8712B /* Debug */,
				6F2775C21830456A00D8712B /* Release */,
			);
			defaultConfigurationIsVisible = 0;
			defaultConfigurationName = Release;
		};
		6F2775C31830456A00D8712B /* Build configuration list for PBXNativeTarget "NSUserDefaults, Segues and Protocols Challenge" */ = {
			isa = XCConfigurationList;
			buildConfigurations = (
				6F2775C41830456A00D8712B /* Debug */,
				6F2775C51830456A00D8712B /* Release */,
			);
			defaultConfigurationIsVisible = 0;
		};
		6F2775C61830456A00D8712B /* Build configuration list for PBXNativeTarget "NSUserDefaults, Segues and Protocols ChallengeTests" */ = {
			isa = XCConfigurationList;
			buildConfigurations = (
				6F2775C71830456A00D8712B /* Debug */,
				6F2775C81830456A00D8712B /* Release */,
			);
			defaultConfigurationIsVisible = 0;
		};
/* End XCConfigurationList section */
	};
	rootObject = 6F2775891830456A00D8712B /* Project object */;
}
